{
  "name": "@bthesorceror/generate-syslog",
  "version": "1.0.0",
  "lockfileVersion": 1,
  "requires": true,
  "dependencies": {
    "@myndzi/glossy": {
      "version": "0.1.8",
      "resolved": "https://registry.npmjs.org/@myndzi/glossy/-/glossy-0.1.8.tgz",
      "integrity": "sha1-aXqRKrq0twMeyW0VL+Q/Vsjpn4Q="
    },
    "bindings": {
      "version": "1.1.1",
      "resolved": "https://registry.npmjs.org/bindings/-/bindings-1.1.1.tgz",
      "integrity": "sha1-lR964BAwL/xQsmWxJAMgF+0r9vM="
    },
    "clone": {
      "version": "0.2.0",
      "resolved": "https://registry.npmjs.org/clone/-/clone-0.2.0.tgz",
      "integrity": "sha1-xhJqkK1Pctv1rNskPMN3JP6T/B8="
    },
    "debug": {
      "version": "3.1.0",
      "resolved": "https://registry.npmjs.org/debug/-/debug-3.1.0.tgz",
      "integrity": "sha512-OX8XqP7/1a9cqkxYw2yXss15f26NKWBpDXQd0/uK/KPqdQhxbPa994hnzjcE2VqQpDslf55723cKPUOGSmMY3g==",
      "requires": {
        "ms": "2.0.0"
      }
    },
    "faker": {
      "version": "4.1.0",
      "resolved": "https://registry.npmjs.org/faker/-/faker-4.1.0.tgz",
      "integrity": "sha1-HkW7vsxndLPBlfrSg1EJxtdIzD8="
    },
    "hoek": {
      "version": "5.0.3",
      "resolved": "https://registry.npmjs.org/hoek/-/hoek-5.0.3.tgz",
      "integrity": "sha512-Bmr56pxML1c9kU+NS51SMFkiVQAb+9uFfXwyqR2tn4w2FPvmPt65eZ9aCcEfRXd9G74HkZnILC6p967pED4aiw=="
    },
    "isemail": {
      "version": "3.1.2",
      "resolved": "https://registry.npmjs.org/isemail/-/isemail-3.1.2.tgz",
      "integrity": "sha512-zfRhJn9rFSGhzU5tGZqepRSAj3+g6oTOHxMGGriWNJZzyLPUK8H7VHpqKntegnW8KLyGA9zwuNaCoopl40LTpg==",
      "requires": {
        "punycode": "2.1.1"
      }
    },
    "joi": {
      "version": "13.3.0",
      "resolved": "https://registry.npmjs.org/joi/-/joi-13.3.0.tgz",
      "integrity": "sha512-iF6jEYVfBIoYXztYymia1JfuoVbxBNuOcwdbsdoGin9/jjhBLhonKmfTQOvePss8r8v4tU4JOcNmYPHZzKEFag==",
      "requires": {
        "hoek": "5.0.3",
        "isemail": "3.1.2",
        "topo": "3.0.0"
      }
    },
    "language-subtag-registry": {
      "version": "0.3.18",
      "resolved": "https://registry.npmjs.org/language-subtag-registry/-/language-subtag-registry-0.3.18.tgz",
      "integrity": "sha1-gM/oSN+I97+Ajb2tCyjn+iw1eN0="
    },
    "language-tags": {
      "version": "1.0.5",
      "resolved": "https://registry.npmjs.org/language-tags/-/language-tags-1.0.5.tgz",
      "integrity": "sha1-0yHbxNowuovzAk4ED6XBRmH5GTo=",
      "requires": {
        "language-subtag-registry": "0.3.18"
      }
    },
    "lodash": {
      "version": "4.17.10",
      "resolved": "https://registry.npmjs.org/lodash/-/lodash-4.17.10.tgz",
      "integrity": "sha512-UejweD1pDoXu+AD825lWwp4ZGtSwgnpZxb3JDViD7StjQz+Nb/6l093lx4OQ0foGWNRoc19mWy7BzL+UAK2iVg=="
    },
    "moment": {
      "version": "2.22.1",
      "resolved": "https://registry.npmjs.org/moment/-/moment-2.22.1.tgz",
      "integrity": "sha512-shJkRTSebXvsVqk56I+lkb2latjBs8I+pc2TzWc545y2iFnSjm7Wg0QMh+ZWcdSLQyGEau5jI8ocnmkyTgr9YQ=="
    },
    "ms": {
      "version": "2.0.0",
      "resolved": "https://registry.npmjs.org/ms/-/ms-2.0.0.tgz",
      "integrity": "sha1-VgiurfwAvmwpAd9fmGF4jeDVl8g="
    },
    "nan": {
      "version": "2.3.5",
      "resolved": "https://registry.npmjs.org/nan/-/nan-2.3.5.tgz",
      "integrity": "sha1-gioNwmYpDOTNOhIoLKPn42Rmigg="
    },
    "punycode": {
      "version": "2.1.1",
      "resolved": "https://registry.npmjs.org/punycode/-/punycode-2.1.1.tgz",
      "integrity": "sha512-XRsRjdf+j5ml+y/6GKHPZbrF/8p2Yga0JPtdqTIY2Xe5ohJPD9saDJJLPvp9+NSBprVvevdXZybnj2cv8OEd0A=="
    },
    "rsyslog": {
      "version": "1.1.2",
      "resolved": "https://registry.npmjs.org/rsyslog/-/rsyslog-1.1.2.tgz",
      "integrity": "sha512-Lrwei3PBV6PmHZMLsYWHMmK7BiW4aG7UblWlBexV+6zaQOGnTdEQiQt8FQ0Hdhep6xM1El1WxIGGD8MNkZx+tw==",
      "requires": {
        "tslib": "1.9.1"
      }
    },
    "syslog": {
      "version": "0.1.1-1",
      "resolved": "https://registry.npmjs.org/syslog/-/syslog-0.1.1-1.tgz",
      "integrity": "sha512-7fn4sikkTRrc4kZk/i/ItCktnPD2qG+nKmgTVcuLr2VrY2V9adNhw9fN02HL6rTthwu2Og9Icr1GxZlaLp39Lg=="
    },
    "syslog-client": {
      "version": "1.1.1",
      "resolved": "https://registry.npmjs.org/syslog-client/-/syslog-client-1.1.1.tgz",
      "integrity": "sha1-vbKN47W36yihE1LsPreOVa7Sq2s="
    },
    "syslog-streams2": {
      "version": "1.0.3",
      "resolved": "https://registry.npmjs.org/syslog-streams2/-/syslog-streams2-1.0.3.tgz",
      "integrity": "sha1-TVKl7TVQj5jYNs4SoogiOpyIcRA=",
      "requires": {
        "@myndzi/glossy": "0.1.8",
        "clone": "0.1.19",
        "joi": "5.1.0",
        "language-tags": "1.0.5"
      },
      "dependencies": {
        "clone": {
          "version": "0.1.19",
          "resolved": "https://registry.npmjs.org/clone/-/clone-0.1.19.tgz",
          "integrity": "sha1-YT+2hjmyaklKxTJT4Vsaa9iK2oU="
        },
        "hoek": {
          "version": "2.16.3",
          "resolved": "https://registry.npmjs.org/hoek/-/hoek-2.16.3.tgz",
          "integrity": "sha1-ILt0A9POo5jpHcRxCo/xuCdKJe0="
        },
        "isemail": {
          "version": "1.2.0",
          "resolved": "https://registry.npmjs.org/isemail/-/isemail-1.2.0.tgz",
          "integrity": "sha1-vgPfjMPineTSxd9lASY/H6RZXpo="
        },
        "joi": {
          "version": "5.1.0",
          "resolved": "https://registry.npmjs.org/joi/-/joi-5.1.0.tgz",
          "integrity": "sha1-FSrQfbjunGQBmX/1/SwSiWBwv1g=",
          "requires": {
            "hoek": "2.16.3",
            "isemail": "1.2.0",
            "moment": "2.22.1",
            "topo": "1.1.0"
          }
        },
        "topo": {
          "version": "1.1.0",
          "resolved": "https://registry.npmjs.org/topo/-/topo-1.1.0.tgz",
          "integrity": "sha1-6ddRYV0buH3IZdsYL6HKCl71NtU=",
          "requires": {
            "hoek": "2.16.3"
          }
        }
      }
    },
    "syslog2": {
      "version": "1.0.7",
      "resolved": "https://registry.npmjs.org/syslog2/-/syslog2-1.0.7.tgz",
      "integrity": "sha1-a8ua2e0e1G/pj5+wbTVpSVFa+XM=",
      "requires": {
        "clone": "0.2.0",
        "syslog-streams2": "1.0.3",
        "udp-streams2": "1.0.7",
        "unix-socket-streams2": "1.1.0"
      }
    },
    "topo": {
      "version": "3.0.0",
      "resolved": "https://registry.npmjs.org/topo/-/topo-3.0.0.tgz",
      "integrity": "sha512-Tlu1fGlR90iCdIPURqPiufqAlCZYzLjHYVVbcFWDMcX7+tK8hdZWAfsMrD/pBul9jqHHwFjNdf1WaxA9vTRRhw==",
      "requires": {
        "hoek": "5.0.3"
      }
    },
    "tslib": {
      "version": "1.9.1",
      "resolved": "https://registry.npmjs.org/tslib/-/tslib-1.9.1.tgz",
      "integrity": "sha512-avfPS28HmGLLc2o4elcc2EIq2FcH++Yo5YxpBZi9Yw93BCTGFthI4HPE4Rpep6vSYQaK8e69PelM44tPj+RaQg=="
    },
    "udp-streams2": {
      "version": "1.0.7",
      "resolved": "https://registry.npmjs.org/udp-streams2/-/udp-streams2-1.0.7.tgz",
      "integrity": "sha1-CIZIL2LOKXRA4p2SKHPjQjKD9fY="
    },
    "unix-dgram": {
      "version": "0.2.3",
      "resolved": "https://registry.npmjs.org/unix-dgram/-/unix-dgram-0.2.3.tgz",
      "integrity": "sha1-6rczDx8QQdSPnBedn0xamWyvzrU=",
      "requires": {
        "bindings": "1.1.1",
        "nan": "2.3.5"
      }
    },
    "unix-socket-streams2": {
      "version": "1.1.0",
      "resolved": "https://registry.npmjs.org/unix-socket-streams2/-/unix-socket-streams2-1.1.0.tgz",
      "integrity": "sha1-4HXnWCJmoF5zOn123bM8U+5sgB4=",
      "requires": {
        "unix-dgram": "0.2.3"
      }
    }
  }
}
